
Microsoft Visual Studio Solution File, Format Version 10.00
# Visual Studio 2008
Project("{2150E333-8FDC-42A3-9474-1A3956D46DE8}") = "Solution Items", "Solution Items", "{52CEA89F-5F27-4A04-B15F-0D1A57DB2A7E}"
	ProjectSection(SolutionItems) = preProject
		Deploy2Production.cmd = Deploy2Production.cmd
		Deploy2Test.cmd = Deploy2Test.cmd
		Deployment.proj = Deployment.proj
		ReadMe.txt = ReadMe.txt
	EndProjectSection
EndProject
Project("{FAE04EC0-301F-11D3-BF4B-00C04F79EFBC}") = "Demo1", "Demo1\Demo1.csproj", "{01849356-403F-48CD-B7D2-0734F0D1B75A}"
EndProject
Global
	GlobalSection(SolutionConfigurationPlatforms) = preSolution
		Debug|Any CPU = Debug|Any CPU
		Release|Any CPU = Release|Any CPU
	EndGlobalSection
	GlobalSection(ProjectConfigurationPlatforms) = postSolution
		{01849356-403F-48CD-B7D2-0734F0D1B75A}.Debug|Any CPU.ActiveCfg = Debug|Any CPU
		{01849356-403F-48CD-B7D2-0734F0D1B75A}.Debug|Any CPU.Build.0 = Debug|Any CPU
		{01849356-403F-48CD-B7D2-0734F0D1B75A}.Release|Any CPU.ActiveCfg = Release|Any CPU
		{01849356-403F-48CD-B7D2-0734F0D1B75A}.Release|Any CPU.Build.0 = Release|Any CPU
	EndGlobalSection
	GlobalSection(SolutionProperties) = preSolution
		HideSolutionNode = FALSE
	EndGlobalSection
EndGlobal
