
Microsoft Visual Studio Solution File, Format Version 11.00
# Visual Studio 2010
Project("{2150E333-8FDC-42A3-9474-1A3956D46DE8}") = "Solution Items", "Solution Items", "{279B9022-AE11-4D07-8283-2B9510ECB202}"
	ProjectSection(SolutionItems) = preProject
		Demo1.txt = Demo1.txt
		Local.testsettings = Local.testsettings
		Log4NetDemo.vsmdi = Log4NetDemo.vsmdi
		TraceAndTestImpact.testsettings = TraceAndTestImpact.testsettings
	EndProjectSection
EndProject
Project("{FAE04EC0-301F-11D3-BF4B-00C04F79EFBC}") = "5 - Advanced Usage", "ConsoleDemo\5 - Advanced Usage.csproj", "{EB698DD1-D31A-474F-978A-4E2E10056C60}"
EndProject
Project("{FAE04EC0-301F-11D3-BF4B-00C04F79EFBC}") = "2 - Appenders AppConfig", "AppendersDemo\2 - Appenders AppConfig.csproj", "{23301B27-A375-4731-ABE9-5C4D6663F25A}"
EndProject
Project("{FAE04EC0-301F-11D3-BF4B-00C04F79EFBC}") = "1 - DefaultLogger", "DefaultLogger\1 - DefaultLogger.csproj", "{CF2B5138-94B3-4E19-8B09-20C585C9B699}"
EndProject
Project("{FAE04EC0-301F-11D3-BF4B-00C04F79EFBC}") = "3 - Appenders External Config", "ExternalConfig\3 - Appenders External Config.csproj", "{A06E7288-4A22-42CE-A7FE-6CC3081980B2}"
EndProject
Project("{FAE04EC0-301F-11D3-BF4B-00C04F79EFBC}") = "4 - Advanced L4N Way", "TheLog4NetWay\4 - Advanced L4N Way.csproj", "{C22C4A69-A9D4-4633-905D-CBF20DCFF103}"
EndProject
Global
	GlobalSection(TestCaseManagementSettings) = postSolution
		CategoryFile = Log4NetDemo.vsmdi
	EndGlobalSection
	GlobalSection(SolutionConfigurationPlatforms) = preSolution
		Debug|Any CPU = Debug|Any CPU
		Debug|Mixed Platforms = Debug|Mixed Platforms
		Debug|x86 = Debug|x86
		Release|Any CPU = Release|Any CPU
		Release|Mixed Platforms = Release|Mixed Platforms
		Release|x86 = Release|x86
	EndGlobalSection
	GlobalSection(ProjectConfigurationPlatforms) = postSolution
		{EB698DD1-D31A-474F-978A-4E2E10056C60}.Debug|Any CPU.ActiveCfg = Debug|x86
		{EB698DD1-D31A-474F-978A-4E2E10056C60}.Debug|Mixed Platforms.ActiveCfg = Debug|x86
		{EB698DD1-D31A-474F-978A-4E2E10056C60}.Debug|Mixed Platforms.Build.0 = Debug|x86
		{EB698DD1-D31A-474F-978A-4E2E10056C60}.Debug|x86.ActiveCfg = Debug|x86
		{EB698DD1-D31A-474F-978A-4E2E10056C60}.Debug|x86.Build.0 = Debug|x86
		{EB698DD1-D31A-474F-978A-4E2E10056C60}.Release|Any CPU.ActiveCfg = Release|x86
		{EB698DD1-D31A-474F-978A-4E2E10056C60}.Release|Mixed Platforms.ActiveCfg = Release|x86
		{EB698DD1-D31A-474F-978A-4E2E10056C60}.Release|Mixed Platforms.Build.0 = Release|x86
		{EB698DD1-D31A-474F-978A-4E2E10056C60}.Release|x86.ActiveCfg = Release|x86
		{EB698DD1-D31A-474F-978A-4E2E10056C60}.Release|x86.Build.0 = Release|x86
		{23301B27-A375-4731-ABE9-5C4D6663F25A}.Debug|Any CPU.ActiveCfg = Debug|x86
		{23301B27-A375-4731-ABE9-5C4D6663F25A}.Debug|Mixed Platforms.ActiveCfg = Debug|x86
		{23301B27-A375-4731-ABE9-5C4D6663F25A}.Debug|Mixed Platforms.Build.0 = Debug|x86
		{23301B27-A375-4731-ABE9-5C4D6663F25A}.Debug|x86.ActiveCfg = Debug|x86
		{23301B27-A375-4731-ABE9-5C4D6663F25A}.Debug|x86.Build.0 = Debug|x86
		{23301B27-A375-4731-ABE9-5C4D6663F25A}.Release|Any CPU.ActiveCfg = Release|x86
		{23301B27-A375-4731-ABE9-5C4D6663F25A}.Release|Mixed Platforms.ActiveCfg = Release|x86
		{23301B27-A375-4731-ABE9-5C4D6663F25A}.Release|Mixed Platforms.Build.0 = Release|x86
		{23301B27-A375-4731-ABE9-5C4D6663F25A}.Release|x86.ActiveCfg = Release|x86
		{23301B27-A375-4731-ABE9-5C4D6663F25A}.Release|x86.Build.0 = Release|x86
		{CF2B5138-94B3-4E19-8B09-20C585C9B699}.Debug|Any CPU.ActiveCfg = Debug|x86
		{CF2B5138-94B3-4E19-8B09-20C585C9B699}.Debug|Mixed Platforms.ActiveCfg = Debug|x86
		{CF2B5138-94B3-4E19-8B09-20C585C9B699}.Debug|Mixed Platforms.Build.0 = Debug|x86
		{CF2B5138-94B3-4E19-8B09-20C585C9B699}.Debug|x86.ActiveCfg = Debug|x86
		{CF2B5138-94B3-4E19-8B09-20C585C9B699}.Debug|x86.Build.0 = Debug|x86
		{CF2B5138-94B3-4E19-8B09-20C585C9B699}.Release|Any CPU.ActiveCfg = Release|x86
		{CF2B5138-94B3-4E19-8B09-20C585C9B699}.Release|Mixed Platforms.ActiveCfg = Release|x86
		{CF2B5138-94B3-4E19-8B09-20C585C9B699}.Release|Mixed Platforms.Build.0 = Release|x86
		{CF2B5138-94B3-4E19-8B09-20C585C9B699}.Release|x86.ActiveCfg = Release|x86
		{CF2B5138-94B3-4E19-8B09-20C585C9B699}.Release|x86.Build.0 = Release|x86
		{A06E7288-4A22-42CE-A7FE-6CC3081980B2}.Debug|Any CPU.ActiveCfg = Debug|x86
		{A06E7288-4A22-42CE-A7FE-6CC3081980B2}.Debug|Mixed Platforms.ActiveCfg = Debug|x86
		{A06E7288-4A22-42CE-A7FE-6CC3081980B2}.Debug|Mixed Platforms.Build.0 = Debug|x86
		{A06E7288-4A22-42CE-A7FE-6CC3081980B2}.Debug|x86.ActiveCfg = Debug|x86
		{A06E7288-4A22-42CE-A7FE-6CC3081980B2}.Debug|x86.Build.0 = Debug|x86
		{A06E7288-4A22-42CE-A7FE-6CC3081980B2}.Release|Any CPU.ActiveCfg = Release|x86
		{A06E7288-4A22-42CE-A7FE-6CC3081980B2}.Release|Mixed Platforms.ActiveCfg = Release|x86
		{A06E7288-4A22-42CE-A7FE-6CC3081980B2}.Release|Mixed Platforms.Build.0 = Release|x86
		{A06E7288-4A22-42CE-A7FE-6CC3081980B2}.Release|x86.ActiveCfg = Release|x86
		{A06E7288-4A22-42CE-A7FE-6CC3081980B2}.Release|x86.Build.0 = Release|x86
		{C22C4A69-A9D4-4633-905D-CBF20DCFF103}.Debug|Any CPU.ActiveCfg = Debug|x86
		{C22C4A69-A9D4-4633-905D-CBF20DCFF103}.Debug|Mixed Platforms.ActiveCfg = Debug|x86
		{C22C4A69-A9D4-4633-905D-CBF20DCFF103}.Debug|Mixed Platforms.Build.0 = Debug|x86
		{C22C4A69-A9D4-4633-905D-CBF20DCFF103}.Debug|x86.ActiveCfg = Debug|x86
		{C22C4A69-A9D4-4633-905D-CBF20DCFF103}.Debug|x86.Build.0 = Debug|x86
		{C22C4A69-A9D4-4633-905D-CBF20DCFF103}.Release|Any CPU.ActiveCfg = Release|x86
		{C22C4A69-A9D4-4633-905D-CBF20DCFF103}.Release|Mixed Platforms.ActiveCfg = Release|x86
		{C22C4A69-A9D4-4633-905D-CBF20DCFF103}.Release|Mixed Platforms.Build.0 = Release|x86
		{C22C4A69-A9D4-4633-905D-CBF20DCFF103}.Release|x86.ActiveCfg = Release|x86
		{C22C4A69-A9D4-4633-905D-CBF20DCFF103}.Release|x86.Build.0 = Release|x86
	EndGlobalSection
	GlobalSection(SolutionProperties) = preSolution
		HideSolutionNode = FALSE
	EndGlobalSection
EndGlobal
