
Microsoft Visual Studio Solution File, Format Version 11.00
# Visual Studio 2010
Project("{FAE04EC0-301F-11D3-BF4B-00C04F79EFBC}") = "WebApp", "WebApp\WebApp.csproj", "{8D52275A-F019-4F5B-A23A-34EB8D0070AB}"
EndProject
Project("{FAE04EC0-301F-11D3-BF4B-00C04F79EFBC}") = "Core", "Core\Core.csproj", "{A0C4099C-51D7-41E3-A627-DEBF067C5D4F}"
EndProject
Project("{FAE04EC0-301F-11D3-BF4B-00C04F79EFBC}") = "WinApp", "WinApp\WinApp.csproj", "{B5D845A9-0017-44E0-A9BD-AE0A7B202C93}"
EndProject
Global
	GlobalSection(SolutionConfigurationPlatforms) = preSolution
		Debug|Any CPU = Debug|Any CPU
		Debug|Mixed Platforms = Debug|Mixed Platforms
		Debug|x86 = Debug|x86
		Release|Any CPU = Release|Any CPU
		Release|Mixed Platforms = Release|Mixed Platforms
		Release|x86 = Release|x86
	EndGlobalSection
	GlobalSection(ProjectConfigurationPlatforms) = postSolution
		{8D52275A-F019-4F5B-A23A-34EB8D0070AB}.Debug|Any CPU.ActiveCfg = Debug|Any CPU
		{8D52275A-F019-4F5B-A23A-34EB8D0070AB}.Debug|Any CPU.Build.0 = Debug|Any CPU
		{8D52275A-F019-4F5B-A23A-34EB8D0070AB}.Debug|Mixed Platforms.ActiveCfg = Debug|Any CPU
		{8D52275A-F019-4F5B-A23A-34EB8D0070AB}.Debug|Mixed Platforms.Build.0 = Debug|Any CPU
		{8D52275A-F019-4F5B-A23A-34EB8D0070AB}.Debug|x86.ActiveCfg = Debug|Any CPU
		{8D52275A-F019-4F5B-A23A-34EB8D0070AB}.Release|Any CPU.ActiveCfg = Release|Any CPU
		{8D52275A-F019-4F5B-A23A-34EB8D0070AB}.Release|Any CPU.Build.0 = Release|Any CPU
		{8D52275A-F019-4F5B-A23A-34EB8D0070AB}.Release|Mixed Platforms.ActiveCfg = Release|Any CPU
		{8D52275A-F019-4F5B-A23A-34EB8D0070AB}.Release|Mixed Platforms.Build.0 = Release|Any CPU
		{8D52275A-F019-4F5B-A23A-34EB8D0070AB}.Release|x86.ActiveCfg = Release|Any CPU
		{A0C4099C-51D7-41E3-A627-DEBF067C5D4F}.Debug|Any CPU.ActiveCfg = Debug|Any CPU
		{A0C4099C-51D7-41E3-A627-DEBF067C5D4F}.Debug|Any CPU.Build.0 = Debug|Any CPU
		{A0C4099C-51D7-41E3-A627-DEBF067C5D4F}.Debug|Mixed Platforms.ActiveCfg = Debug|Any CPU
		{A0C4099C-51D7-41E3-A627-DEBF067C5D4F}.Debug|Mixed Platforms.Build.0 = Debug|Any CPU
		{A0C4099C-51D7-41E3-A627-DEBF067C5D4F}.Debug|x86.ActiveCfg = Debug|Any CPU
		{A0C4099C-51D7-41E3-A627-DEBF067C5D4F}.Release|Any CPU.ActiveCfg = Release|Any CPU
		{A0C4099C-51D7-41E3-A627-DEBF067C5D4F}.Release|Any CPU.Build.0 = Release|Any CPU
		{A0C4099C-51D7-41E3-A627-DEBF067C5D4F}.Release|Mixed Platforms.ActiveCfg = Release|Any CPU
		{A0C4099C-51D7-41E3-A627-DEBF067C5D4F}.Release|Mixed Platforms.Build.0 = Release|Any CPU
		{A0C4099C-51D7-41E3-A627-DEBF067C5D4F}.Release|x86.ActiveCfg = Release|Any CPU
		{B5D845A9-0017-44E0-A9BD-AE0A7B202C93}.Debug|Any CPU.ActiveCfg = Debug|x86
		{B5D845A9-0017-44E0-A9BD-AE0A7B202C93}.Debug|Mixed Platforms.ActiveCfg = Debug|x86
		{B5D845A9-0017-44E0-A9BD-AE0A7B202C93}.Debug|Mixed Platforms.Build.0 = Debug|x86
		{B5D845A9-0017-44E0-A9BD-AE0A7B202C93}.Debug|x86.ActiveCfg = Debug|x86
		{B5D845A9-0017-44E0-A9BD-AE0A7B202C93}.Debug|x86.Build.0 = Debug|x86
		{B5D845A9-0017-44E0-A9BD-AE0A7B202C93}.Release|Any CPU.ActiveCfg = Release|x86
		{B5D845A9-0017-44E0-A9BD-AE0A7B202C93}.Release|Mixed Platforms.ActiveCfg = Release|x86
		{B5D845A9-0017-44E0-A9BD-AE0A7B202C93}.Release|Mixed Platforms.Build.0 = Release|x86
		{B5D845A9-0017-44E0-A9BD-AE0A7B202C93}.Release|x86.ActiveCfg = Release|x86
		{B5D845A9-0017-44E0-A9BD-AE0A7B202C93}.Release|x86.Build.0 = Release|x86
	EndGlobalSection
	GlobalSection(SolutionProperties) = preSolution
		HideSolutionNode = FALSE
	EndGlobalSection
EndGlobal
