
Microsoft Visual Studio Solution File, Format Version 11.00
# Visual Studio 2010
Project("{FAE04EC0-301F-11D3-BF4B-00C04F79EFBC}") = "WebApplication1", "WebApplication1\WebApplication1.csproj", "{E901C877-39F7-4A11-8E9B-C87B6E617E90}"
EndProject
Project("{FAE04EC0-301F-11D3-BF4B-00C04F79EFBC}") = "WebApplication2", "..\WebApplication2\WebApplication2.csproj", "{6F3AFF27-E1B8-400D-85AC-F141140F3344}"
EndProject
Global
	GlobalSection(SolutionConfigurationPlatforms) = preSolution
		Debug|Any CPU = Debug|Any CPU
		Release|Any CPU = Release|Any CPU
	EndGlobalSection
	GlobalSection(ProjectConfigurationPlatforms) = postSolution
		{E901C877-39F7-4A11-8E9B-C87B6E617E90}.Debug|Any CPU.ActiveCfg = Debug|Any CPU
		{E901C877-39F7-4A11-8E9B-C87B6E617E90}.Debug|Any CPU.Build.0 = Debug|Any CPU
		{E901C877-39F7-4A11-8E9B-C87B6E617E90}.Release|Any CPU.ActiveCfg = Release|Any CPU
		{E901C877-39F7-4A11-8E9B-C87B6E617E90}.Release|Any CPU.Build.0 = Release|Any CPU
		{6F3AFF27-E1B8-400D-85AC-F141140F3344}.Debug|Any CPU.ActiveCfg = Debug|Any CPU
		{6F3AFF27-E1B8-400D-85AC-F141140F3344}.Debug|Any CPU.Build.0 = Debug|Any CPU
		{6F3AFF27-E1B8-400D-85AC-F141140F3344}.Release|Any CPU.ActiveCfg = Release|Any CPU
		{6F3AFF27-E1B8-400D-85AC-F141140F3344}.Release|Any CPU.Build.0 = Release|Any CPU
	EndGlobalSection
	GlobalSection(SolutionProperties) = preSolution
		HideSolutionNode = FALSE
	EndGlobalSection
EndGlobal
